// !$*UTF8*$!
{
	archiveVersion = 1;
	classes = {
	};
	objectVersion = 50;
	objects = {

/* Begin PBXBuildFile section */
		213929FD253522D700DC252C /* KeychainItemAccessibility.swift in Sources */ = {isa = PBXBuildFile; fileRef = 213929FC253522D700DC252C /* KeychainItemAccessibility.swift */; };
		2146E2EA2532907000C7D8D5 /* AppDelegate.swift in Sources */ = {isa = PBXBuildFile; fileRef = 2146E2E92532907000C7D8D5 /* AppDelegate.swift */; };
		2146E2EC2532907000C7D8D5 /* SceneDelegate.swift in Sources */ = {isa = PBXBuildFile; fileRef = 2146E2EB2532907000C7D8D5 /* SceneDelegate.swift */; };
		2146E2EE2532907000C7D8D5 /* LoginViewController.swift in Sources */ = {isa = PBXBuildFile; fileRef = 2146E2ED2532907000C7D8D5 /* LoginViewController.swift */; };
		2146E2F12532907000C7D8D5 /* Main.storyboard in Resources */ = {isa = PBXBuildFile; fileRef = 2146E2EF2532907000C7D8D5 /* Main.storyboard */; };
		2146E2F32532907100C7D8D5 /* Assets.xcassets in Resources */ = {isa = PBXBuildFile; fileRef = 2146E2F22532907100C7D8D5 /* Assets.xcassets */; };
		2146E2F62532907100C7D8D5 /* LaunchScreen.storyboard in Resources */ = {isa = PBXBuildFile; fileRef = 2146E2F42532907100C7D8D5 /* LaunchScreen.storyboard */; };
		2146E3052532956500C7D8D5 /* BiometricType.swift in Sources */ = {isa = PBXBuildFile; fileRef = 2146E3042532956500C7D8D5 /* BiometricType.swift */; };
		2174DA592534F3090097FD98 /* KeychainWrapper.swift in Sources */ = {isa = PBXBuildFile; fileRef = 2174DA582534F3090097FD98 /* KeychainWrapper.swift */; };
		21B652032534A9400066FC73 /* UIViewController+Ext.swift in Sources */ = {isa = PBXBuildFile; fileRef = 21B652022534A9400066FC73 /* UIViewController+Ext.swift */; };
/* End PBXBuildFile section */

/* Begin PBXFileReference section */
		213929FC253522D700DC252C /* KeychainItemAccessibility.swift */ = {isa = PBXFileReference; fileEncoding = 4; lastKnownFileType = sourcecode.swift; path = KeychainItemAccessibility.swift; sourceTree = "<group>"; };
		2146E2E62532907000C7D8D5 /* SecureLogin.app */ = {isa = PBXFileReference; explicitFileType = wrapper.application; includeInIndex = 0; path = SecureLogin.app; sourceTree = BUILT_PRODUCTS_DIR; };
		2146E2E92532907000C7D8D5 /* AppDelegate.swift */ = {isa = PBXFileReference; lastKnownFileType = sourcecode.swift; path = AppDelegate.swift; sourceTree = "<group>"; };
		2146E2EB2532907000C7D8D5 /* SceneDelegate.swift */ = {isa = PBXFileReference; lastKnownFileType = sourcecode.swift; path = SceneDelegate.swift; sourceTree = "<group>"; };
		2146E2ED2532907000C7D8D5 /* LoginViewController.swift */ = {isa = PBXFileReference; lastKnownFileType = sourcecode.swift; path = LoginViewController.swift; sourceTree = "<group>"; };
		2146E2F02532907000C7D8D5 /* Base */ = {isa = PBXFileReference; lastKnownFileType = file.storyboard; name = Base; path = Base.lproj/Main.storyboard; sourceTree = "<group>"; };
		2146E2F22532907100C7D8D5 /* Assets.xcassets */ = {isa = PBXFileReference; lastKnownFileType = folder.assetcatalog; path = Assets.xcassets; sourceTree = "<group>"; };
		2146E2F52532907100C7D8D5 /* Base */ = {isa = PBXFileReference; lastKnownFileType = file.storyboard; name = Base; path = Base.lproj/LaunchScreen.storyboard; sourceTree = "<group>"; };
		2146E2F72532907100C7D8D5 /* Info.plist */ = {isa = PBXFileReference; lastKnownFileType = text.plist.xml; path = Info.plist; sourceTree = "<group>"; };
		2146E3042532956500C7D8D5 /* BiometricType.swift */ = {isa = PBXFileReference; lastKnownFileType = sourcecode.swift; path = BiometricType.swift; sourceTree = "<group>"; };
		2174DA582534F3090097FD98 /* KeychainWrapper.swift */ = {isa = PBXFileReference; lastKnownFileType = sourcecode.swift; path = KeychainWrapper.swift; sourceTree = "<group>"; };
		21B652022534A9400066FC73 /* UIViewController+Ext.swift */ = {isa = PBXFileReference; lastKnownFileType = sourcecode.swift; path = "UIViewController+Ext.swift"; sourceTree = "<group>"; };
/* End PBXFileReference section */

/* Begin PBXFrameworksBuildPhase section */
		2146E2E32532907000C7D8D5 /* Frameworks */ = {
			isa = PBXFrameworksBuildPhase;
			buildActionMask = 2147483647;
			files = (
			);
			runOnlyForDeploymentPostprocessing = 0;
		};
/* End PBXFrameworksBuildPhase section */

/* Begin PBXGroup section */
		2146E2DD2532907000C7D8D5 = {
			isa = PBXGroup;
			children = (
				2146E2E82532907000C7D8D5 /* SecureLogin */,
				2146E2E72532907000C7D8D5 /* Products */,
			);
			sourceTree = "<group>";
		};
		2146E2E72532907000C7D8D5 /* Products */ = {
			isa = PBXGroup;
			children = (
				2146E2E62532907000C7D8D5 /* SecureLogin.app */,
			);
			name = Products;
			sourceTree = "<group>";
		};
		2146E2E82532907000C7D8D5 /* SecureLogin */ = {
			isa = PBXGroup;
			children = (
				2146E2FE2532907F00C7D8D5 /* Support */,
				21B652012534A9320066FC73 /* Utilities */,
				2174DA5B2534F31C0097FD98 /* Keychain */,
				2146E3012532954800C7D8D5 /* LoginScreen */,
				2146E2EF2532907000C7D8D5 /* Main.storyboard */,
			);
			path = SecureLogin;
			sourceTree = "<group>";
		};
		2146E2FE2532907F00C7D8D5 /* Support */ = {
			isa = PBXGroup;
			children = (
				2146E2F72532907100C7D8D5 /* Info.plist */,
				2146E2F42532907100C7D8D5 /* LaunchScreen.storyboard */,
				2146E2F22532907100C7D8D5 /* Assets.xcassets */,
				2146E2E92532907000C7D8D5 /* AppDelegate.swift */,
				2146E2EB2532907000C7D8D5 /* SceneDelegate.swift */,
			);
			path = Support;
			sourceTree = "<group>";
		};
		2146E3012532954800C7D8D5 /* LoginScreen */ = {
			isa = PBXGroup;
			children = (
				2146E3022532954E00C7D8D5 /* Model */,
				2146E3032532955300C7D8D5 /* Controller */,
			);
			path = LoginScreen;
			sourceTree = "<group>";
		};
		2146E3022532954E00C7D8D5 /* Model */ = {
			isa = PBXGroup;
			children = (
				2146E3042532956500C7D8D5 /* BiometricType.swift */,
			);
			path = Model;
			sourceTree = "<group>";
		};
		2146E3032532955300C7D8D5 /* Controller */ = {
			isa = PBXGroup;
			children = (
				2146E2ED2532907000C7D8D5 /* LoginViewController.swift */,
			);
			path = Controller;
			sourceTree = "<group>";
		};
		2174DA5B2534F31C0097FD98 /* Keychain */ = {
			isa = PBXGroup;
			children = (
				2174DA582534F3090097FD98 /* KeychainWrapper.swift */,
				213929FC253522D700DC252C /* KeychainItemAccessibility.swift */,
			);
			path = Keychain;
			sourceTree = "<group>";
		};
		21B652012534A9320066FC73 /* Utilities */ = {
			isa = PBXGroup;
			children = (
				21B652022534A9400066FC73 /* UIViewController+Ext.swift */,
			);
			path = Utilities;
			sourceTree = "<group>";
		};
/* End PBXGroup section */

/* Begin PBXNativeTarget section */
		2146E2E52532907000C7D8D5 /* SecureLogin */ = {
			isa = PBXNativeTarget;
			buildConfigurationList = 2146E2FA2532907100C7D8D5 /* Build configuration list for PBXNativeTarget "SecureLogin" */;
			buildPhases = (
				2146E2E22532907000C7D8D5 /* Sources */,
				2146E2E32532907000C7D8D5 /* Frameworks */,
				2146E2E42532907000C7D8D5 /* Resources */,
			);
			buildRules = (
			);
			dependencies = (
			);
			name = SecureLogin;
			productName = SecureLogin;
			productReference = 2146E2E62532907000C7D8D5 /* SecureLogin.app */;
			productType = "com.apple.product-type.application";
		};
/* End PBXNativeTarget section */

/* Begin PBXProject section */
		2146E2DE2532907000C7D8D5 /* Project object */ = {
			isa = PBXProject;
			attributes = {
				LastSwiftUpdateCheck = 1200;
				LastUpgradeCheck = 1200;
				TargetAttributes = {
					2146E2E52532907000C7D8D5 = {
						CreatedOnToolsVersion = 12.0.1;
					};
				};
			};
			buildConfigurationList = 2146E2E12532907000C7D8D5 /* Build configuration list for PBXProject "SecureLogin" */;
			compatibilityVersion = "Xcode 9.3";
			developmentRegion = en;
			hasScannedForEncodings = 0;
			knownRegions = (
				en,
				Base,
			);
			mainGroup = 2146E2DD2532907000C7D8D5;
			productRefGroup = 2146E2E72532907000C7D8D5 /* Products */;
			projectDirPath = "";
			projectRoot = "";
			targets = (
				2146E2E52532907000C7D8D5 /* SecureLogin */,
			);
		};
/* End PBXProject section */

/* Begin PBXResourcesBuildPhase section */
		2146E2E42532907000C7D8D5 /* Resources */ = {
			isa = PBXResourcesBuildPhase;
			buildActionMask = 2147483647;
			files = (
				2146E2F62532907100C7D8D5 /* LaunchScreen.storyboard in Resources */,
				2146E2F32532907100C7D8D5 /* Assets.xcassets in Resources */,
				2146E2F12532907000C7D8D5 /* Main.storyboard in Resources */,
			);
			runOnlyForDeploymentPostprocessing = 0;
		};
/* End PBXResourcesBuildPhase section */

/* Begin PBXSourcesBuildPhase section */
		2146E2E22532907000C7D8D5 /* Sources */ = {
			isa = PBXSourcesBuildPhase;
			buildActionMask = 2147483647;
			files = (
				2146E2EE2532907000C7D8D5 /* LoginViewController.swift in Sources */,
				2146E2EA2532907000C7D8D5 /* AppDelegate.swift in Sources */,
				21B652032534A9400066FC73 /* UIViewController+Ext.swift in Sources */,
				2146E3052532956500C7D8D5 /* BiometricType.swift in Sources */,
				2146E2EC2532907000C7D8D5 /* SceneDelegate.swift in Sources */,
				213929FD253522D700DC252C /* KeychainItemAccessibility.swift in Sources */,
				2174DA592534F3090097FD98 /* KeychainWrapper.swift in Sources */,
			);
			runOnlyForDeploymentPostprocessing = 0;
		};
/* End PBXSourcesBuildPhase section */

/* Begin PBXVariantGroup section */
		2146E2EF2532907000C7D8D5 /* Main.storyboard */ = {
			isa = PBXVariantGroup;
			children = (
				2146E2F02532907000C7D8D5 /* Base */,
			);
			name = Main.storyboard;
			sourceTree = "<group>";
		};
		2146E2F42532907100C7D8D5 /* LaunchScreen.storyboard */ = {
			isa = PBXVariantGroup;
			children = (
				2146E2F52532907100C7D8D5 /* Base */,
			);
			name = LaunchScreen.storyboard;
			sourceTree = "<group>";
		};
/* End PBXVariantGroup section */

/* Begin XCBuildConfiguration section */
		2146E2F82532907100C7D8D5 /* Debug */ = {
			isa = XCBuildConfiguration;
			buildSettings = {
				ALWAYS_SEARCH_USER_PATHS = NO;
				CLANG_ANALYZER_NONNULL = YES;
				CLANG_ANALYZER_NUMBER_OBJECT_CONVERSION = YES_AGGRESSIVE;
				CLANG_CXX_LANGUAGE_STANDARD = "gnu++14";
				CLANG_CXX_LIBRARY = "libc++";
				CLANG_ENABLE_MODULES = YES;
				CLANG_ENABLE_OBJC_ARC = YES;
				CLANG_ENABLE_OBJC_WEAK = YES;
				CLANG_WARN_BLOCK_CAPTURE_AUTORELEASING = YES;
				CLANG_WARN_BOOL_CONVERSION = YES;
				CLANG_WARN_COMMA = YES;
				CLANG_WARN_CONSTANT_CONVERSION = YES;
				CLANG_WARN_DEPRECATED_OBJC_IMPLEMENTATIONS = YES;
				CLANG_WARN_DIRECT_OBJC_ISA_USAGE = YES_ERROR;
				CLANG_WARN_DOCUMENTATION_COMMENTS = YES;
				CLANG_WARN_EMPTY_BODY = YES;
				CLANG_WARN_ENUM_CONVERSION = YES;
				CLANG_WARN_INFINITE_RECURSION = YES;
				CLANG_WARN_INT_CONVERSION = YES;
				CLANG_WARN_NON_LITERAL_NULL_CONVERSION = YES;
				CLANG_WARN_OBJC_IMPLICIT_RETAIN_SELF = YES;
				CLANG_WARN_OBJC_LITERAL_CONVERSION = YES;
				CLANG_WARN_OBJC_ROOT_CLASS = YES_ERROR;
				CLANG_WARN_QUOTED_INCLUDE_IN_FRAMEWORK_HEADER = YES;
				CLANG_WARN_RANGE_LOOP_ANALYSIS = YES;
				CLANG_WARN_STRICT_PROTOTYPES = YES;
				CLANG_WARN_SUSPICIOUS_MOVE = YES;
				CLANG_WARN_UNGUARDED_AVAILABILITY = YES_AGGRESSIVE;
				CLANG_WARN_UNREACHABLE_CODE = YES;
				CLANG_WARN__DUPLICATE_METHOD_MATCH = YES;
				COPY_PHASE_STRIP = NO;
				DEBUG_INFORMATION_FORMAT = dwarf;
				ENABLE_STRICT_OBJC_MSGSEND = YES;
				ENABLE_TESTABILITY = YES;
				GCC_C_LANGUAGE_STANDARD = gnu11;
				GCC_DYNAMIC_NO_PIC = NO;
				GCC_NO_COMMON_BLOCKS = YES;
				GCC_OPTIMIZATION_LEVEL = 0;
				GCC_PREPROCESSOR_DEFINITIONS = (
					"DEBUG=1",
					"$(inherited)",
				);
				GCC_WARN_64_TO_32_BIT_CONVERSION = YES;
				GCC_WARN_ABOUT_RETURN_TYPE = YES_ERROR;
				GCC_WARN_UNDECLARED_SELECTOR = YES;
				GCC_WARN_UNINITIALIZED_AUTOS = YES_AGGRESSIVE;
				GCC_WARN_UNUSED_FUNCTION = YES;
				GCC_WARN_UNUSED_VARIABLE = YES;
				IPHONEOS_DEPLOYMENT_TARGET = 14.0;
				MTL_ENABLE_DEBUG_INFO = INCLUDE_SOURCE;
				MTL_FAST_MATH = YES;
				ONLY_ACTIVE_ARCH = YES;
				SDKROOT = iphoneos;
				SWIFT_ACTIVE_COMPILATION_CONDITIONS = DEBUG;
				SWIFT_OPTIMIZATION_LEVEL = "-Onone";
			};
			name = Debug;
		};
		2146E2F92532907100C7D8D5 /* Release */ = {
			isa = XCBuildConfiguration;
			buildSettings = {
				ALWAYS_SEARCH_USER_PATHS = NO;
				CLANG_ANALYZER_NONNULL = YES;
				CLANG_ANALYZER_NUMBER_OBJECT_CONVERSION = YES_AGGRESSIVE;
				CLANG_CXX_LANGUAGE_STANDARD = "gnu++14";
				CLANG_CXX_LIBRARY = "libc++";
				CLANG_ENABLE_MODULES = YES;
				CLANG_ENABLE_OBJC_ARC = YES;
				CLANG_ENABLE_OBJC_WEAK = YES;
				CLANG_WARN_BLOCK_CAPTURE_AUTORELEASING = YES;
				CLANG_WARN_BOOL_CONVERSION = YES;
				CLANG_WARN_COMMA = YES;
				CLANG_WARN_CONSTANT_CONVERSION = YES;
				CLANG_WARN_DEPRECATED_OBJC_IMPLEMENTATIONS = YES;
				CLANG_WARN_DIRECT_OBJC_ISA_USAGE = YES_ERROR;
				CLANG_WARN_DOCUMENTATION_COMMENTS = YES;
				CLANG_WARN_EMPTY_BODY = YES;
				CLANG_WARN_ENUM_CONVERSION = YES;
				CLANG_WARN_INFINITE_RECURSION = YES;
				CLANG_WARN_INT_CONVERSION = YES;
				CLANG_WARN_NON_LITERAL_NULL_CONVERSION = YES;
				CLANG_WARN_OBJC_IMPLICIT_RETAIN_SELF = YES;
				CLANG_WARN_OBJC_LITERAL_CONVERSION = YES;
				CLANG_WARN_OBJC_ROOT_CLASS = YES_ERROR;
				CLANG_WARN_QUOTED_INCLUDE_IN_FRAMEWORK_HEADER = YES;
				CLANG_WARN_RANGE_LOOP_ANALYSIS = YES;
				CLANG_WARN_STRICT_PROTOTYPES = YES;
				CLANG_WARN_SUSPICIOUS_MOVE = YES;
				CLANG_WARN_UNGUARDED_AVAILABILITY = YES_AGGRESSIVE;
				CLANG_WARN_UNREACHABLE_CODE = YES;
				CLANG_WARN__DUPLICATE_METHOD_MATCH = YES;
				COPY_PHASE_STRIP = NO;
				DEBUG_INFORMATION_FORMAT = "dwarf-with-dsym";
				ENABLE_NS_ASSERTIONS = NO;
				ENABLE_STRICT_OBJC_MSGSEND = YES;
				GCC_C_LANGUAGE_STANDARD = gnu11;
				GCC_NO_COMMON_BLOCKS = YES;
				GCC_WARN_64_TO_32_BIT_CONVERSION = YES;
				GCC_WARN_ABOUT_RETURN_TYPE = YES_ERROR;
				GCC_WARN_UNDECLARED_SELECTOR = YES;
				GCC_WARN_UNINITIALIZED_AUTOS = YES_AGGRESSIVE;
				GCC_WARN_UNUSED_FUNCTION = YES;
				GCC_WARN_UNUSED_VARIABLE = YES;
				IPHONEOS_DEPLOYMENT_TARGET = 14.0;
				MTL_ENABLE_DEBUG_INFO = NO;
				MTL_FAST_MATH = YES;
				SDKROOT = iphoneos;
				SWIFT_COMPILATION_MODE = wholemodule;
				SWIFT_OPTIMIZATION_LEVEL = "-O";
				VALIDATE_PRODUCT = YES;
			};
			name = Release;
		};
		2146E2FB2532907100C7D8D5 /* Debug */ = {
			isa = XCBuildConfiguration;
			buildSettings = {
				ASSETCATALOG_COMPILER_APPICON_NAME = AppIcon;
				ASSETCATALOG_COMPILER_GLOBAL_ACCENT_COLOR_NAME = AccentColor;
				CODE_SIGN_STYLE = Automatic;
				DEVELOPMENT_TEAM = 69P6K7C2T4;
				INFOPLIST_FILE = SecureLogin/Support/Info.plist;
				IPHONEOS_DEPLOYMENT_TARGET = 13.0;
				LD_RUNPATH_SEARCH_PATHS = (
					"$(inherited)",
					"@executable_path/Frameworks",
				);
				PRODUCT_BUNDLE_IDENTIFIER = com.colinmurphy.SecureLogin;
				PRODUCT_NAME = "$(TARGET_NAME)";
				SWIFT_VERSION = 5.0;
				TARGETED_DEVICE_FAMILY = "1,2";
			};
			name = Debug;
		};
		2146E2FC2532907100C7D8D5 /* Release */ = {
			isa = XCBuildConfiguration;
			buildSettings = {
				ASSETCATALOG_COMPILER_APPICON_NAME = AppIcon;
				ASSETCATALOG_COMPILER_GLOBAL_ACCENT_COLOR_NAME = AccentColor;
				CODE_SIGN_STYLE = Automatic;
				DEVELOPMENT_TEAM = 69P6K7C2T4;
				INFOPLIST_FILE = SecureLogin/Support/Info.plist;
				IPHONEOS_DEPLOYMENT_TARGET = 13.0;
				LD_RUNPATH_SEARCH_PATHS = (
					"$(inherited)",
					"@executable_path/Frameworks",
				);
				PRODUCT_BUNDLE_IDENTIFIER = com.colinmurphy.SecureLogin;
				PRODUCT_NAME = "$(TARGET_NAME)";
				SWIFT_VERSION = 5.0;
				TARGETED_DEVICE_FAMILY = "1,2";
			};
			name = Release;
		};
/* End XCBuildConfiguration section */

/* Begin XCConfigurationList section */
		2146E2E12532907000C7D8D5 /* Build configuration list for PBXProject "SecureLogin" */ = {
			isa = XCConfigurationList;
			buildConfigurations = (
				2146E2F82532907100C7D8D5 /* Debug */,
				2146E2F92532907100C7D8D5 /* Release */,
			);
			defaultConfigurationIsVisible = 0;
			defaultConfigurationName = Release;
		};
		2146E2FA2532907100C7D8D5 /* Build configuration list for PBXNativeTarget "SecureLogin" */ = {
			isa = XCConfigurationList;
			buildConfigurations = (
				2146E2FB2532907100C7D8D5 /* Debug */,
				2146E2FC2532907100C7D8D5 /* Release */,
			);
			defaultConfigurationIsVisible = 0;
			defaultConfigurationName = Release;
		};
/* End XCConfigurationList section */
	};
	rootObject = 2146E2DE2532907000C7D8D5 /* Project object */;
}
